version: 1
files:
  dictionaries/en.ts:
    web.home.hero.announcement: ea5f65285f88f63e92e063ba338eb638
    web.home.hero.title: 87848172d8e4cfd6db9f6b7b455581a9
    web.home.hero.description: 6af7262a0bdcc4f277a65507537d1101
    web.home.cases.title: 0d6b9c65d4518ea76ac99994512a5d7c
    web.home.features.title: 1f985d48f9123d31245c33f8072dd69e
    web.home.features.description: b3641755d1f60480842f594276618f39
    web.home.stats.title: b0038cd2a061445036df21da84e2819e
    web.home.stats.description: 63efbe7b030029e22e835df1adb05e80
    web.home.testimonials.title: c8b70f7b83d0741ffe501fee665d5a2a
    web.home.faq.title: 6d12e7709fac1292b134fa58b9081045
    web.home.faq.description: abcc43b728d1d1d79671159bc4abda32
    web.home.cta.title: dac997167fdd30cf0cf9cf8e46f4d093
    web.home.cta.description: 7e36039118aa5d4341e024fca0ba8daf
